
Microsoft Visual Studio Solution File, Format Version 12.00
# Visual Studio 15
VisualStudioVersion = 15.0.28307.645
MinimumVisualStudioVersion = 10.0.40219.1
Project("{FAE04EC0-301F-11D3-BF4B-00C04F79EFBC}") = "XGT_TEST", "XGT_TEST\XGT_TEST.csproj", "{9F7DBB75-DC30-48B3-80F1-9CF7EFF0471F}"
EndProject
Project("{FAE04EC0-301F-11D3-BF4B-00C04F79EFBC}") = "XGTLib", "XGTLib\XGTLib.csproj", "{BA9301E3-5C29-45A5-8F4D-D19A1BAFAD51}"
EndProject
Global
	GlobalSection(SolutionConfigurationPlatforms) = preSolution
		Debug|Any CPU = Debug|Any CPU
		Release|Any CPU = Release|Any CPU
	EndGlobalSection
	GlobalSection(ProjectConfigurationPlatforms) = postSolution
		{9F7DBB75-DC30-48B3-80F1-9CF7EFF0471F}.Debug|Any CPU.ActiveCfg = Debug|Any CPU
		{9F7DBB75-DC30-48B3-80F1-9CF7EFF0471F}.Debug|Any CPU.Build.0 = Debug|Any CPU
		{9F7DBB75-DC30-48B3-80F1-9CF7EFF0471F}.Release|Any CPU.ActiveCfg = Release|Any CPU
		{9F7DBB75-DC30-48B3-80F1-9CF7EFF0471F}.Release|Any CPU.Build.0 = Release|Any CPU
		{BA9301E3-5C29-45A5-8F4D-D19A1BAFAD51}.Debug|Any CPU.ActiveCfg = Debug|Any CPU
		{BA9301E3-5C29-45A5-8F4D-D19A1BAFAD51}.Debug|Any CPU.Build.0 = Debug|Any CPU
		{BA9301E3-5C29-45A5-8F4D-D19A1BAFAD51}.Release|Any CPU.ActiveCfg = Release|Any CPU
		{BA9301E3-5C29-45A5-8F4D-D19A1BAFAD51}.Release|Any CPU.Build.0 = Release|Any CPU
	EndGlobalSection
	GlobalSection(SolutionProperties) = preSolution
		HideSolutionNode = FALSE
	EndGlobalSection
	GlobalSection(ExtensibilityGlobals) = postSolution
		SolutionGuid = {FA14767F-CDB1-4927-A152-98F6FBC945FC}
	EndGlobalSection
EndGlobal
